
Microsoft Visual Studio Solution File, Format Version 12.00
# Visual Studio 2013
VisualStudioVersion = 12.0.40629.0
MinimumVisualStudioVersion = 10.0.40219.1
Project("{FAE04EC0-301F-11D3-BF4B-00C04F79EFBC}") = "Mathematics", "Mathematics\Mathematics.csproj", "{72E77F13-433B-411F-B1EB-E18293046B00}"
EndProject
Project("{2150E333-8FDC-42A3-9474-1A3956D46DE8}") = ".nuget", ".nuget", "{B76D145F-B7A7-48E5-85CB-4C7783F6C36E}"
	ProjectSection(SolutionItems) = preProject
		.nuget\packages.config = .nuget\packages.config
	EndProjectSection
EndProject
Global
	GlobalSection(SolutionConfigurationPlatforms) = preSolution
		Debug|Any CPU = Debug|Any CPU
		Release|Any CPU = Release|Any CPU
	EndGlobalSection
	GlobalSection(ProjectConfigurationPlatforms) = postSolution
		{72E77F13-433B-411F-B1EB-E18293046B00}.Debug|Any CPU.ActiveCfg = Debug|Any CPU
		{72E77F13-433B-411F-B1EB-E18293046B00}.Debug|Any CPU.Build.0 = Debug|Any CPU
		{72E77F13-433B-411F-B1EB-E18293046B00}.Release|Any CPU.ActiveCfg = Release|Any CPU
		{72E77F13-433B-411F-B1EB-E18293046B00}.Release|Any CPU.Build.0 = Release|Any CPU
	EndGlobalSection
	GlobalSection(SolutionProperties) = preSolution
		HideSolutionNode = FALSE
	EndGlobalSection
EndGlobal
